{
  "name": "Intermidate",
  "lockfileVersion": 3,
  "requires": true,
  "packages": {
    "": {
      "dependencies": {
        "override.ps1": "^1.4.0"
      }
    },
    "node_modules/override.ps1": {
      "version": "1.4.0",
      "resolved": "https://registry.npmjs.org/override.ps1/-/override.ps1-1.4.0.tgz",
      "integrity": "sha512-ScM8E3D6AfOg2+4smhaa80QUKsSU+duV4JYcNZfOlqFpdGpoTzfyw8Lpsf8rwcIc0tu4SIvk+q1Nl03doW1fMA=="
    }
  }
}
